# This file is automatically @generated by Cargo.
# It is not intended for manual editing.
version = 4

[[package]]
name = "probe-cli"
version = "0.1.0"
dependencies = [
 "probe-core",
 "probe-provider-openai",
]

[[package]]
name = "probe-core"
version = "0.1.0"
dependencies = [
 "probe-protocol",
]

[[package]]
name = "probe-protocol"
version = "0.1.0"

[[package]]
name = "probe-provider-openai"
version = "0.1.0"
